
Microsoft Visual Studio Solution File, Format Version 12.00
# Visual Studio Version 17
VisualStudioVersion = 17.12.35506.116
MinimumVisualStudioVersion = 10.0.40219.1
Project("{FAE04EC0-301F-11D3-BF4B-00C04F79EFBC}") = "KDP_EC.Core", "KDP_EC.Core\KDP_EC.Core.csproj", "{19EDFF28-49F8-465D-9648-78D8DEC152F8}"
EndProject
Project("{FAE04EC0-301F-11D3-BF4B-00C04F79EFBC}") = "KDP_EC.Infraestructure", "KDP_EC.Infraestructure\KDP_EC.Infraestructure.csproj", "{623A9CE6-127F-4C9D-8FFD-30E84DE5A68B}"
EndProject
Project("{FAE04EC0-301F-11D3-BF4B-00C04F79EFBC}") = "KDP_EC.Web", "KDP_EC.Web\KDP_EC.Web.csproj", "{3E7E99E1-93A8-4B0C-9541-DE89EFE8A8CD}"
EndProject
Project("{FAE04EC0-301F-11D3-BF4B-00C04F79EFBC}") = "KDP_EC.Api", "KDP_EC.Api\KDP_EC.Api.csproj", "{1BC7FA69-3786-461B-8A07-5AE3E7F8B151}"
EndProject
Global
	GlobalSection(SolutionConfigurationPlatforms) = preSolution
		Debug|Any CPU = Debug|Any CPU
		Release|Any CPU = Release|Any CPU
	EndGlobalSection
	GlobalSection(ProjectConfigurationPlatforms) = postSolution
		{19EDFF28-49F8-465D-9648-78D8DEC152F8}.Debug|Any CPU.ActiveCfg = Debug|Any CPU
		{19EDFF28-49F8-465D-9648-78D8DEC152F8}.Debug|Any CPU.Build.0 = Debug|Any CPU
		{19EDFF28-49F8-465D-9648-78D8DEC152F8}.Release|Any CPU.ActiveCfg = Release|Any CPU
		{19EDFF28-49F8-465D-9648-78D8DEC152F8}.Release|Any CPU.Build.0 = Release|Any CPU
		{623A9CE6-127F-4C9D-8FFD-30E84DE5A68B}.Debug|Any CPU.ActiveCfg = Debug|Any CPU
		{623A9CE6-127F-4C9D-8FFD-30E84DE5A68B}.Debug|Any CPU.Build.0 = Debug|Any CPU
		{623A9CE6-127F-4C9D-8FFD-30E84DE5A68B}.Release|Any CPU.ActiveCfg = Release|Any CPU
		{623A9CE6-127F-4C9D-8FFD-30E84DE5A68B}.Release|Any CPU.Build.0 = Release|Any CPU
		{3E7E99E1-93A8-4B0C-9541-DE89EFE8A8CD}.Debug|Any CPU.ActiveCfg = Debug|Any CPU
		{3E7E99E1-93A8-4B0C-9541-DE89EFE8A8CD}.Debug|Any CPU.Build.0 = Debug|Any CPU
		{3E7E99E1-93A8-4B0C-9541-DE89EFE8A8CD}.Release|Any CPU.ActiveCfg = Release|Any CPU
		{3E7E99E1-93A8-4B0C-9541-DE89EFE8A8CD}.Release|Any CPU.Build.0 = Release|Any CPU
		{1BC7FA69-3786-461B-8A07-5AE3E7F8B151}.Debug|Any CPU.ActiveCfg = Debug|Any CPU
		{1BC7FA69-3786-461B-8A07-5AE3E7F8B151}.Debug|Any CPU.Build.0 = Debug|Any CPU
		{1BC7FA69-3786-461B-8A07-5AE3E7F8B151}.Release|Any CPU.ActiveCfg = Release|Any CPU
		{1BC7FA69-3786-461B-8A07-5AE3E7F8B151}.Release|Any CPU.Build.0 = Release|Any CPU
	EndGlobalSection
	GlobalSection(SolutionProperties) = preSolution
		HideSolutionNode = FALSE
	EndGlobalSection
EndGlobal
